// !$*UTF8*$!
{
	archiveVersion = 1;
	classes = {
	};
	objectVersion = 52;
	objects = {

/* Begin PBXBuildFile section */
		63872C53244242D600086C94 /* RotationMatrix.swift in Sources */ = {isa = PBXBuildFile; fileRef = 63872C52244242D600086C94 /* RotationMatrix.swift */; };
		63872C582442452000086C94 /* RxCocoa in Frameworks */ = {isa = PBXBuildFile; productRef = 63872C572442452000086C94 /* RxCocoa */; };
		63872C5A2442452000086C94 /* RxSwift in Frameworks */ = {isa = PBXBuildFile; productRef = 63872C592442452000086C94 /* RxSwift */; };
		63872C7024424F1E00086C94 /* RxAnimated in Frameworks */ = {isa = PBXBuildFile; productRef = 63872C6F24424F1E00086C94 /* RxAnimated */; };
		63872C7224424F8200086C94 /* RxTest in Frameworks */ = {isa = PBXBuildFile; productRef = 63872C7124424F8200086C94 /* RxTest */; };
		63872C742442537400086C94 /* WhirligigImageView.swift in Sources */ = {isa = PBXBuildFile; fileRef = 63872C732442537400086C94 /* WhirligigImageView.swift */; };
		63872C76244253E800086C94 /* UIViewController.swift in Sources */ = {isa = PBXBuildFile; fileRef = 63872C75244253E800086C94 /* UIViewController.swift */; };
		6391547A2440E902001F328A /* MotionViewModel.swift in Sources */ = {isa = PBXBuildFile; fileRef = 639154792440E902001F328A /* MotionViewModel.swift */; };
		639154802440F1AF001F328A /* RxSwiftExt in Frameworks */ = {isa = PBXBuildFile; productRef = 6391547F2440F1AF001F328A /* RxSwiftExt */; };
		639154832440F21E001F328A /* NSObject-Rx in Frameworks */ = {isa = PBXBuildFile; productRef = 639154822440F21E001F328A /* NSObject-Rx */; };
		639154852440F2B8001F328A /* MotionViewModelProtocol.swift in Sources */ = {isa = PBXBuildFile; fileRef = 639154842440F2B8001F328A /* MotionViewModelProtocol.swift */; };
		639154872440F431001F328A /* MotionViewModelMock.swift in Sources */ = {isa = PBXBuildFile; fileRef = 639154862440F431001F328A /* MotionViewModelMock.swift */; };
		6391549C24419FCE001F328A /* RxSwift.swift in Sources */ = {isa = PBXBuildFile; fileRef = 6391549B24419FCE001F328A /* RxSwift.swift */; };
		6391549E2441B804001F328A /* CommandLine.swift in Sources */ = {isa = PBXBuildFile; fileRef = 6391549D2441B804001F328A /* CommandLine.swift */; };
		639154A42441BB2E001F328A /* MotionViewModelTestMock.swift in Sources */ = {isa = PBXBuildFile; fileRef = 639154A22441B9E0001F328A /* MotionViewModelTestMock.swift */; };
		639154A62441C74B001F328A /* Double.swift in Sources */ = {isa = PBXBuildFile; fileRef = 639154A52441C74B001F328A /* Double.swift */; };
		639154A82441CDE6001F328A /* Constants.swift in Sources */ = {isa = PBXBuildFile; fileRef = 639154A72441CDE6001F328A /* Constants.swift */; };
		639154B62441E7B1001F328A /* Memoization.swift in Sources */ = {isa = PBXBuildFile; fileRef = 639154B52441E7B1001F328A /* Memoization.swift */; };
		639154BA2441FDC6001F328A /* RxSwift+CoreMotion.swift in Sources */ = {isa = PBXBuildFile; fileRef = 639154B92441FDC6001F328A /* RxSwift+CoreMotion.swift */; };
		639154BD24420250001F328A /* MotionData.swift in Sources */ = {isa = PBXBuildFile; fileRef = 639154BB24420249001F328A /* MotionData.swift */; };
		63EA1E5424423383006767E5 /* MotionData.swift in Sources */ = {isa = PBXBuildFile; fileRef = 63EA1E5324423383006767E5 /* MotionData.swift */; };
		63EA57602440D76900F06F1B /* AppDelegate.swift in Sources */ = {isa = PBXBuildFile; fileRef = 63EA575F2440D76900F06F1B /* AppDelegate.swift */; };
		63EA57642440D76900F06F1B /* MotionViewController.swift in Sources */ = {isa = PBXBuildFile; fileRef = 63EA57632440D76900F06F1B /* MotionViewController.swift */; };
		63EA57672440D76900F06F1B /* Main.storyboard in Resources */ = {isa = PBXBuildFile; fileRef = 63EA57652440D76900F06F1B /* Main.storyboard */; };
		63EA57692440D76B00F06F1B /* Assets.xcassets in Resources */ = {isa = PBXBuildFile; fileRef = 63EA57682440D76B00F06F1B /* Assets.xcassets */; };
		63EA576C2440D76B00F06F1B /* LaunchScreen.storyboard in Resources */ = {isa = PBXBuildFile; fileRef = 63EA576A2440D76B00F06F1B /* LaunchScreen.storyboard */; };
		63EA57772440D76B00F06F1B /* WhirligigTests.swift in Sources */ = {isa = PBXBuildFile; fileRef = 63EA57762440D76B00F06F1B /* WhirligigTests.swift */; };
		63EA57842440D91200F06F1B /* Storyboarded.swift in Sources */ = {isa = PBXBuildFile; fileRef = 63EA57832440D91200F06F1B /* Storyboarded.swift */; };
		63EA57872440D93A00F06F1B /* Coordinator.swift in Sources */ = {isa = PBXBuildFile; fileRef = 63EA57862440D93A00F06F1B /* Coordinator.swift */; };
		63EA57892440D9A400F06F1B /* MotionCoordinator.swift in Sources */ = {isa = PBXBuildFile; fileRef = 63EA57882440D9A400F06F1B /* MotionCoordinator.swift */; };
/* End PBXBuildFile section */

/* Begin PBXContainerItemProxy section */
		63EA57732440D76B00F06F1B /* PBXContainerItemProxy */ = {
			isa = PBXContainerItemProxy;
			containerPortal = 63EA57542440D76800F06F1B /* Project object */;
			proxyType = 1;
			remoteGlobalIDString = 63EA575B2440D76800F06F1B;
			remoteInfo = whirligig;
		};
/* End PBXContainerItemProxy section */

/* Begin PBXFileReference section */
		63872C52244242D600086C94 /* RotationMatrix.swift */ = {isa = PBXFileReference; lastKnownFileType = sourcecode.swift; path = RotationMatrix.swift; sourceTree = "<group>"; };
		63872C732442537400086C94 /* WhirligigImageView.swift */ = {isa = PBXFileReference; lastKnownFileType = sourcecode.swift; path = WhirligigImageView.swift; sourceTree = "<group>"; };
		63872C75244253E800086C94 /* UIViewController.swift */ = {isa = PBXFileReference; lastKnownFileType = sourcecode.swift; path = UIViewController.swift; sourceTree = "<group>"; };
		639154792440E902001F328A /* MotionViewModel.swift */ = {isa = PBXFileReference; lastKnownFileType = sourcecode.swift; path = MotionViewModel.swift; sourceTree = "<group>"; };
		639154842440F2B8001F328A /* MotionViewModelProtocol.swift */ = {isa = PBXFileReference; lastKnownFileType = sourcecode.swift; path = MotionViewModelProtocol.swift; sourceTree = "<group>"; };
		639154862440F431001F328A /* MotionViewModelMock.swift */ = {isa = PBXFileReference; lastKnownFileType = sourcecode.swift; path = MotionViewModelMock.swift; sourceTree = "<group>"; };
		6391549A244115DE001F328A /* WhirligigTests.xctestplan */ = {isa = PBXFileReference; lastKnownFileType = text; path = WhirligigTests.xctestplan; sourceTree = "<group>"; };
		6391549B24419FCE001F328A /* RxSwift.swift */ = {isa = PBXFileReference; lastKnownFileType = sourcecode.swift; path = RxSwift.swift; sourceTree = "<group>"; };
		6391549D2441B804001F328A /* CommandLine.swift */ = {isa = PBXFileReference; lastKnownFileType = sourcecode.swift; path = CommandLine.swift; sourceTree = "<group>"; };
		639154A22441B9E0001F328A /* MotionViewModelTestMock.swift */ = {isa = PBXFileReference; lastKnownFileType = sourcecode.swift; path = MotionViewModelTestMock.swift; sourceTree = "<group>"; };
		639154A52441C74B001F328A /* Double.swift */ = {isa = PBXFileReference; lastKnownFileType = sourcecode.swift; path = Double.swift; sourceTree = "<group>"; };
		639154A72441CDE6001F328A /* Constants.swift */ = {isa = PBXFileReference; lastKnownFileType = sourcecode.swift; path = Constants.swift; sourceTree = "<group>"; };
		639154B52441E7B1001F328A /* Memoization.swift */ = {isa = PBXFileReference; lastKnownFileType = sourcecode.swift; path = Memoization.swift; sourceTree = "<group>"; };
		639154B92441FDC6001F328A /* RxSwift+CoreMotion.swift */ = {isa = PBXFileReference; lastKnownFileType = sourcecode.swift; path = "RxSwift+CoreMotion.swift"; sourceTree = "<group>"; };
		639154BB24420249001F328A /* MotionData.swift */ = {isa = PBXFileReference; lastKnownFileType = sourcecode.swift; path = MotionData.swift; sourceTree = "<group>"; };
		63EA1E5324423383006767E5 /* MotionData.swift */ = {isa = PBXFileReference; lastKnownFileType = sourcecode.swift; path = MotionData.swift; sourceTree = "<group>"; };
		63EA575C2440D76900F06F1B /* Whirligig.app */ = {isa = PBXFileReference; explicitFileType = wrapper.application; includeInIndex = 0; path = Whirligig.app; sourceTree = BUILT_PRODUCTS_DIR; };
		63EA575F2440D76900F06F1B /* AppDelegate.swift */ = {isa = PBXFileReference; lastKnownFileType = sourcecode.swift; path = AppDelegate.swift; sourceTree = "<group>"; };
		63EA57632440D76900F06F1B /* MotionViewController.swift */ = {isa = PBXFileReference; lastKnownFileType = sourcecode.swift; path = MotionViewController.swift; sourceTree = "<group>"; };
		63EA57662440D76900F06F1B /* Base */ = {isa = PBXFileReference; lastKnownFileType = file.storyboard; name = Base; path = Base.lproj/Main.storyboard; sourceTree = "<group>"; };
		63EA57682440D76B00F06F1B /* Assets.xcassets */ = {isa = PBXFileReference; lastKnownFileType = folder.assetcatalog; path = Assets.xcassets; sourceTree = "<group>"; };
		63EA576B2440D76B00F06F1B /* Base */ = {isa = PBXFileReference; lastKnownFileType = file.storyboard; name = Base; path = Base.lproj/LaunchScreen.storyboard; sourceTree = "<group>"; };
		63EA576D2440D76B00F06F1B /* Info.plist */ = {isa = PBXFileReference; lastKnownFileType = text.plist.xml; path = Info.plist; sourceTree = "<group>"; };
		63EA57722440D76B00F06F1B /* WhirligigTests.xctest */ = {isa = PBXFileReference; explicitFileType = wrapper.cfbundle; includeInIndex = 0; path = WhirligigTests.xctest; sourceTree = BUILT_PRODUCTS_DIR; };
		63EA57762440D76B00F06F1B /* WhirligigTests.swift */ = {isa = PBXFileReference; lastKnownFileType = sourcecode.swift; path = WhirligigTests.swift; sourceTree = "<group>"; };
		63EA57782440D76B00F06F1B /* Info.plist */ = {isa = PBXFileReference; lastKnownFileType = text.plist.xml; path = Info.plist; sourceTree = "<group>"; };
		63EA57832440D91200F06F1B /* Storyboarded.swift */ = {isa = PBXFileReference; fileEncoding = 4; lastKnownFileType = sourcecode.swift; path = Storyboarded.swift; sourceTree = "<group>"; };
		63EA57862440D93A00F06F1B /* Coordinator.swift */ = {isa = PBXFileReference; lastKnownFileType = sourcecode.swift; path = Coordinator.swift; sourceTree = "<group>"; };
		63EA57882440D9A400F06F1B /* MotionCoordinator.swift */ = {isa = PBXFileReference; lastKnownFileType = sourcecode.swift; path = MotionCoordinator.swift; sourceTree = "<group>"; };
/* End PBXFileReference section */

/* Begin PBXFrameworksBuildPhase section */
		63EA57592440D76800F06F1B /* Frameworks */ = {
			isa = PBXFrameworksBuildPhase;
			buildActionMask = 2147483647;
			files = (
				63872C7024424F1E00086C94 /* RxAnimated in Frameworks */,
				639154802440F1AF001F328A /* RxSwiftExt in Frameworks */,
				63872C5A2442452000086C94 /* RxSwift in Frameworks */,
				63872C582442452000086C94 /* RxCocoa in Frameworks */,
				639154832440F21E001F328A /* NSObject-Rx in Frameworks */,
			);
			runOnlyForDeploymentPostprocessing = 0;
		};
		63EA576F2440D76B00F06F1B /* Frameworks */ = {
			isa = PBXFrameworksBuildPhase;
			buildActionMask = 2147483647;
			files = (
				63872C7224424F8200086C94 /* RxTest in Frameworks */,
			);
			runOnlyForDeploymentPostprocessing = 0;
		};
/* End PBXFrameworksBuildPhase section */

/* Begin PBXGroup section */
		6391547B2440EDFF001F328A /* Models */ = {
			isa = PBXGroup;
			children = (
				63EA1E5324423383006767E5 /* MotionData.swift */,
				63872C52244242D600086C94 /* RotationMatrix.swift */,
			);
			path = Models;
			sourceTree = "<group>";
		};
		639154912441155A001F328A /* Frameworks */ = {
			isa = PBXGroup;
			children = (
			);
			name = Frameworks;
			sourceTree = "<group>";
		};
		6391549F2441B81D001F328A /* Extensions */ = {
			isa = PBXGroup;
			children = (
				639154B52441E7B1001F328A /* Memoization.swift */,
				63EA57832440D91200F06F1B /* Storyboarded.swift */,
				6391549B24419FCE001F328A /* RxSwift.swift */,
				639154B92441FDC6001F328A /* RxSwift+CoreMotion.swift */,
				6391549D2441B804001F328A /* CommandLine.swift */,
				639154A52441C74B001F328A /* Double.swift */,
				63872C75244253E800086C94 /* UIViewController.swift */,
			);
			path = Extensions;
			sourceTree = "<group>";
		};
		639154A02441B835001F328A /* Coordinator */ = {
			isa = PBXGroup;
			children = (
				63EA57862440D93A00F06F1B /* Coordinator.swift */,
				63EA57882440D9A400F06F1B /* MotionCoordinator.swift */,
			);
			path = Coordinator;
			sourceTree = "<group>";
		};
		639154A12441B862001F328A /* Interface */ = {
			isa = PBXGroup;
			children = (
				63EA57652440D76900F06F1B /* Main.storyboard */,
				63EA57682440D76B00F06F1B /* Assets.xcassets */,
				63EA576A2440D76B00F06F1B /* LaunchScreen.storyboard */,
			);
			path = Interface;
			sourceTree = "<group>";
		};
		63EA57532440D76800F06F1B = {
			isa = PBXGroup;
			children = (
				63EA575E2440D76900F06F1B /* Whirligig */,
				63EA57752440D76B00F06F1B /* whirligigTests */,
				63EA575D2440D76900F06F1B /* Products */,
				639154912441155A001F328A /* Frameworks */,
			);
			sourceTree = "<group>";
		};
		63EA575D2440D76900F06F1B /* Products */ = {
			isa = PBXGroup;
			children = (
				63EA575C2440D76900F06F1B /* Whirligig.app */,
				63EA57722440D76B00F06F1B /* WhirligigTests.xctest */,
			);
			name = Products;
			sourceTree = "<group>";
		};
		63EA575E2440D76900F06F1B /* Whirligig */ = {
			isa = PBXGroup;
			children = (
				63EA575F2440D76900F06F1B /* AppDelegate.swift */,
				63EA576D2440D76B00F06F1B /* Info.plist */,
				63EA57852440D92700F06F1B /* Core */,
				639154842440F2B8001F328A /* MotionViewModelProtocol.swift */,
				639154792440E902001F328A /* MotionViewModel.swift */,
				639154862440F431001F328A /* MotionViewModelMock.swift */,
				63EA57632440D76900F06F1B /* MotionViewController.swift */,
				63872C732442537400086C94 /* WhirligigImageView.swift */,
				639154A12441B862001F328A /* Interface */,
			);
			path = Whirligig;
			sourceTree = "<group>";
		};
		63EA57752440D76B00F06F1B /* whirligigTests */ = {
			isa = PBXGroup;
			children = (
				6391549A244115DE001F328A /* WhirligigTests.xctestplan */,
				639154A22441B9E0001F328A /* MotionViewModelTestMock.swift */,
				63EA57762440D76B00F06F1B /* WhirligigTests.swift */,
				639154BB24420249001F328A /* MotionData.swift */,
				63EA57782440D76B00F06F1B /* Info.plist */,
			);
			path = whirligigTests;
			sourceTree = "<group>";
		};
		63EA57852440D92700F06F1B /* Core */ = {
			isa = PBXGroup;
			children = (
				6391547B2440EDFF001F328A /* Models */,
				639154A02441B835001F328A /* Coordinator */,
				6391549F2441B81D001F328A /* Extensions */,
				639154A72441CDE6001F328A /* Constants.swift */,
			);
			path = Core;
			sourceTree = "<group>";
		};
/* End PBXGroup section */

/* Begin PBXNativeTarget section */
		63EA575B2440D76800F06F1B /* Whirligig */ = {
			isa = PBXNativeTarget;
			buildConfigurationList = 63EA577B2440D76B00F06F1B /* Build configuration list for PBXNativeTarget "Whirligig" */;
			buildPhases = (
				63EA57582440D76800F06F1B /* Sources */,
				63EA57592440D76800F06F1B /* Frameworks */,
				63EA575A2440D76800F06F1B /* Resources */,
				63EA57812440D80500F06F1B /* ShellScript */,
			);
			buildRules = (
			);
			dependencies = (
			);
			name = Whirligig;
			packageProductDependencies = (
				6391547F2440F1AF001F328A /* RxSwiftExt */,
				639154822440F21E001F328A /* NSObject-Rx */,
				63872C572442452000086C94 /* RxCocoa */,
				63872C592442452000086C94 /* RxSwift */,
				63872C6F24424F1E00086C94 /* RxAnimated */,
			);
			productName = whirligig;
			productReference = 63EA575C2440D76900F06F1B /* Whirligig.app */;
			productType = "com.apple.product-type.application";
		};
		63EA57712440D76B00F06F1B /* WhirligigTests */ = {
			isa = PBXNativeTarget;
			buildConfigurationList = 63EA577E2440D76B00F06F1B /* Build configuration list for PBXNativeTarget "WhirligigTests" */;
			buildPhases = (
				63EA576E2440D76B00F06F1B /* Sources */,
				63EA576F2440D76B00F06F1B /* Frameworks */,
				63EA57702440D76B00F06F1B /* Resources */,
			);
			buildRules = (
			);
			dependencies = (
				63EA57742440D76B00F06F1B /* PBXTargetDependency */,
			);
			name = WhirligigTests;
			packageProductDependencies = (
				63872C7124424F8200086C94 /* RxTest */,
			);
			productName = whirligigTests;
			productReference = 63EA57722440D76B00F06F1B /* WhirligigTests.xctest */;
			productType = "com.apple.product-type.bundle.unit-test";
		};
/* End PBXNativeTarget section */

/* Begin PBXProject section */
		63EA57542440D76800F06F1B /* Project object */ = {
			isa = PBXProject;
			attributes = {
				LastSwiftUpdateCheck = 1140;
				LastUpgradeCheck = 1140;
				ORGANIZATIONNAME = fassko;
				TargetAttributes = {
					63EA575B2440D76800F06F1B = {
						CreatedOnToolsVersion = 11.4;
					};
					63EA57712440D76B00F06F1B = {
						CreatedOnToolsVersion = 11.4;
						TestTargetID = 63EA575B2440D76800F06F1B;
					};
				};
			};
			buildConfigurationList = 63EA57572440D76800F06F1B /* Build configuration list for PBXProject "Whirligig" */;
			compatibilityVersion = "Xcode 9.3";
			developmentRegion = en;
			hasScannedForEncodings = 0;
			knownRegions = (
				en,
				Base,
			);
			mainGroup = 63EA57532440D76800F06F1B;
			packageReferences = (
				6391547E2440F1AF001F328A /* XCRemoteSwiftPackageReference "RxSwiftExt" */,
				639154812440F21E001F328A /* XCRemoteSwiftPackageReference "NSObject-Rx" */,
				63872C562442452000086C94 /* XCRemoteSwiftPackageReference "RxSwift" */,
				63872C6E24424F1E00086C94 /* XCRemoteSwiftPackageReference "rxanimated" */,
			);
			productRefGroup = 63EA575D2440D76900F06F1B /* Products */;
			projectDirPath = "";
			projectRoot = "";
			targets = (
				63EA575B2440D76800F06F1B /* Whirligig */,
				63EA57712440D76B00F06F1B /* WhirligigTests */,
			);
		};
/* End PBXProject section */

/* Begin PBXResourcesBuildPhase section */
		63EA575A2440D76800F06F1B /* Resources */ = {
			isa = PBXResourcesBuildPhase;
			buildActionMask = 2147483647;
			files = (
				63EA576C2440D76B00F06F1B /* LaunchScreen.storyboard in Resources */,
				63EA57692440D76B00F06F1B /* Assets.xcassets in Resources */,
				63EA57672440D76900F06F1B /* Main.storyboard in Resources */,
			);
			runOnlyForDeploymentPostprocessing = 0;
		};
		63EA57702440D76B00F06F1B /* Resources */ = {
			isa = PBXResourcesBuildPhase;
			buildActionMask = 2147483647;
			files = (
			);
			runOnlyForDeploymentPostprocessing = 0;
		};
/* End PBXResourcesBuildPhase section */

/* Begin PBXShellScriptBuildPhase section */
		63EA57812440D80500F06F1B /* ShellScript */ = {
			isa = PBXShellScriptBuildPhase;
			buildActionMask = 2147483647;
			files = (
			);
			inputFileListPaths = (
			);
			inputPaths = (
			);
			outputFileListPaths = (
			);
			outputPaths = (
			);
			runOnlyForDeploymentPostprocessing = 0;
			shellPath = /bin/sh;
			shellScript = "if which swiftlint >/dev/null; then\n  swiftlint\nelse\n  echo \"warning: SwiftLint not installed, download from https://github.com/realm/SwiftLint\"\nfi\n";
		};
/* End PBXShellScriptBuildPhase section */

/* Begin PBXSourcesBuildPhase section */
		63EA57582440D76800F06F1B /* Sources */ = {
			isa = PBXSourcesBuildPhase;
			buildActionMask = 2147483647;
			files = (
				63EA57872440D93A00F06F1B /* Coordinator.swift in Sources */,
				639154872440F431001F328A /* MotionViewModelMock.swift in Sources */,
				63872C76244253E800086C94 /* UIViewController.swift in Sources */,
				63EA57642440D76900F06F1B /* MotionViewController.swift in Sources */,
				6391549E2441B804001F328A /* CommandLine.swift in Sources */,
				63872C53244242D600086C94 /* RotationMatrix.swift in Sources */,
				63EA57602440D76900F06F1B /* AppDelegate.swift in Sources */,
				63872C742442537400086C94 /* WhirligigImageView.swift in Sources */,
				63EA57892440D9A400F06F1B /* MotionCoordinator.swift in Sources */,
				6391549C24419FCE001F328A /* RxSwift.swift in Sources */,
				639154A82441CDE6001F328A /* Constants.swift in Sources */,
				639154B62441E7B1001F328A /* Memoization.swift in Sources */,
				639154852440F2B8001F328A /* MotionViewModelProtocol.swift in Sources */,
				63EA1E5424423383006767E5 /* MotionData.swift in Sources */,
				6391547A2440E902001F328A /* MotionViewModel.swift in Sources */,
				639154A62441C74B001F328A /* Double.swift in Sources */,
				639154BA2441FDC6001F328A /* RxSwift+CoreMotion.swift in Sources */,
				63EA57842440D91200F06F1B /* Storyboarded.swift in Sources */,
			);
			runOnlyForDeploymentPostprocessing = 0;
		};
		63EA576E2440D76B00F06F1B /* Sources */ = {
			isa = PBXSourcesBuildPhase;
			buildActionMask = 2147483647;
			files = (
				639154A42441BB2E001F328A /* MotionViewModelTestMock.swift in Sources */,
				639154BD24420250001F328A /* MotionData.swift in Sources */,
				63EA57772440D76B00F06F1B /* WhirligigTests.swift in Sources */,
			);
			runOnlyForDeploymentPostprocessing = 0;
		};
/* End PBXSourcesBuildPhase section */

/* Begin PBXTargetDependency section */
		63EA57742440D76B00F06F1B /* PBXTargetDependency */ = {
			isa = PBXTargetDependency;
			target = 63EA575B2440D76800F06F1B /* Whirligig */;
			targetProxy = 63EA57732440D76B00F06F1B /* PBXContainerItemProxy */;
		};
/* End PBXTargetDependency section */

/* Begin PBXVariantGroup section */
		63EA57652440D76900F06F1B /* Main.storyboard */ = {
			isa = PBXVariantGroup;
			children = (
				63EA57662440D76900F06F1B /* Base */,
			);
			name = Main.storyboard;
			sourceTree = "<group>";
		};
		63EA576A2440D76B00F06F1B /* LaunchScreen.storyboard */ = {
			isa = PBXVariantGroup;
			children = (
				63EA576B2440D76B00F06F1B /* Base */,
			);
			name = LaunchScreen.storyboard;
			sourceTree = "<group>";
		};
/* End PBXVariantGroup section */

/* Begin XCBuildConfiguration section */
		63EA57792440D76B00F06F1B /* Debug */ = {
			isa = XCBuildConfiguration;
			buildSettings = {
				ALWAYS_SEARCH_USER_PATHS = NO;
				CLANG_ANALYZER_NONNULL = YES;
				CLANG_ANALYZER_NUMBER_OBJECT_CONVERSION = YES_AGGRESSIVE;
				CLANG_CXX_LANGUAGE_STANDARD = "gnu++14";
				CLANG_CXX_LIBRARY = "libc++";
				CLANG_ENABLE_MODULES = YES;
				CLANG_ENABLE_OBJC_ARC = YES;
				CLANG_ENABLE_OBJC_WEAK = YES;
				CLANG_WARN_BLOCK_CAPTURE_AUTORELEASING = YES;
				CLANG_WARN_BOOL_CONVERSION = YES;
				CLANG_WARN_COMMA = YES;
				CLANG_WARN_CONSTANT_CONVERSION = YES;
				CLANG_WARN_DEPRECATED_OBJC_IMPLEMENTATIONS = YES;
				CLANG_WARN_DIRECT_OBJC_ISA_USAGE = YES_ERROR;
				CLANG_WARN_DOCUMENTATION_COMMENTS = YES;
				CLANG_WARN_EMPTY_BODY = YES;
				CLANG_WARN_ENUM_CONVERSION = YES;
				CLANG_WARN_INFINITE_RECURSION = YES;
				CLANG_WARN_INT_CONVERSION = YES;
				CLANG_WARN_NON_LITERAL_NULL_CONVERSION = YES;
				CLANG_WARN_OBJC_IMPLICIT_RETAIN_SELF = YES;
				CLANG_WARN_OBJC_LITERAL_CONVERSION = YES;
				CLANG_WARN_OBJC_ROOT_CLASS = YES_ERROR;
				CLANG_WARN_RANGE_LOOP_ANALYSIS = YES;
				CLANG_WARN_STRICT_PROTOTYPES = YES;
				CLANG_WARN_SUSPICIOUS_MOVE = YES;
				CLANG_WARN_UNGUARDED_AVAILABILITY = YES_AGGRESSIVE;
				CLANG_WARN_UNREACHABLE_CODE = YES;
				CLANG_WARN__DUPLICATE_METHOD_MATCH = YES;
				COPY_PHASE_STRIP = NO;
				DEBUG_INFORMATION_FORMAT = dwarf;
				ENABLE_STRICT_OBJC_MSGSEND = YES;
				ENABLE_TESTABILITY = YES;
				GCC_C_LANGUAGE_STANDARD = gnu11;
				GCC_DYNAMIC_NO_PIC = NO;
				GCC_NO_COMMON_BLOCKS = YES;
				GCC_OPTIMIZATION_LEVEL = 0;
				GCC_PREPROCESSOR_DEFINITIONS = (
					"DEBUG=1",
					"$(inherited)",
				);
				GCC_WARN_64_TO_32_BIT_CONVERSION = YES;
				GCC_WARN_ABOUT_RETURN_TYPE = YES_ERROR;
				GCC_WARN_UNDECLARED_SELECTOR = YES;
				GCC_WARN_UNINITIALIZED_AUTOS = YES_AGGRESSIVE;
				GCC_WARN_UNUSED_FUNCTION = YES;
				GCC_WARN_UNUSED_VARIABLE = YES;
				IPHONEOS_DEPLOYMENT_TARGET = 13.4;
				MTL_ENABLE_DEBUG_INFO = INCLUDE_SOURCE;
				MTL_FAST_MATH = YES;
				ONLY_ACTIVE_ARCH = YES;
				SDKROOT = iphoneos;
				SWIFT_ACTIVE_COMPILATION_CONDITIONS = DEBUG;
				SWIFT_OPTIMIZATION_LEVEL = "-Onone";
			};
			name = Debug;
		};
		63EA577A2440D76B00F06F1B /* Release */ = {
			isa = XCBuildConfiguration;
			buildSettings = {
				ALWAYS_SEARCH_USER_PATHS = NO;
				CLANG_ANALYZER_NONNULL = YES;
				CLANG_ANALYZER_NUMBER_OBJECT_CONVERSION = YES_AGGRESSIVE;
				CLANG_CXX_LANGUAGE_STANDARD = "gnu++14";
				CLANG_CXX_LIBRARY = "libc++";
				CLANG_ENABLE_MODULES = YES;
				CLANG_ENABLE_OBJC_ARC = YES;
				CLANG_ENABLE_OBJC_WEAK = YES;
				CLANG_WARN_BLOCK_CAPTURE_AUTORELEASING = YES;
				CLANG_WARN_BOOL_CONVERSION = YES;
				CLANG_WARN_COMMA = YES;
				CLANG_WARN_CONSTANT_CONVERSION = YES;
				CLANG_WARN_DEPRECATED_OBJC_IMPLEMENTATIONS = YES;
				CLANG_WARN_DIRECT_OBJC_ISA_USAGE = YES_ERROR;
				CLANG_WARN_DOCUMENTATION_COMMENTS = YES;
				CLANG_WARN_EMPTY_BODY = YES;
				CLANG_WARN_ENUM_CONVERSION = YES;
				CLANG_WARN_INFINITE_RECURSION = YES;
				CLANG_WARN_INT_CONVERSION = YES;
				CLANG_WARN_NON_LITERAL_NULL_CONVERSION = YES;
				CLANG_WARN_OBJC_IMPLICIT_RETAIN_SELF = YES;
				CLANG_WARN_OBJC_LITERAL_CONVERSION = YES;
				CLANG_WARN_OBJC_ROOT_CLASS = YES_ERROR;
				CLANG_WARN_RANGE_LOOP_ANALYSIS = YES;
				CLANG_WARN_STRICT_PROTOTYPES = YES;
				CLANG_WARN_SUSPICIOUS_MOVE = YES;
				CLANG_WARN_UNGUARDED_AVAILABILITY = YES_AGGRESSIVE;
				CLANG_WARN_UNREACHABLE_CODE = YES;
				CLANG_WARN__DUPLICATE_METHOD_MATCH = YES;
				COPY_PHASE_STRIP = NO;
				DEBUG_INFORMATION_FORMAT = "dwarf-with-dsym";
				ENABLE_NS_ASSERTIONS = NO;
				ENABLE_STRICT_OBJC_MSGSEND = YES;
				GCC_C_LANGUAGE_STANDARD = gnu11;
				GCC_NO_COMMON_BLOCKS = YES;
				GCC_WARN_64_TO_32_BIT_CONVERSION = YES;
				GCC_WARN_ABOUT_RETURN_TYPE = YES_ERROR;
				GCC_WARN_UNDECLARED_SELECTOR = YES;
				GCC_WARN_UNINITIALIZED_AUTOS = YES_AGGRESSIVE;
				GCC_WARN_UNUSED_FUNCTION = YES;
				GCC_WARN_UNUSED_VARIABLE = YES;
				IPHONEOS_DEPLOYMENT_TARGET = 13.4;
				MTL_ENABLE_DEBUG_INFO = NO;
				MTL_FAST_MATH = YES;
				SDKROOT = iphoneos;
				SWIFT_COMPILATION_MODE = wholemodule;
				SWIFT_OPTIMIZATION_LEVEL = "-O";
				VALIDATE_PRODUCT = YES;
			};
			name = Release;
		};
		63EA577C2440D76B00F06F1B /* Debug */ = {
			isa = XCBuildConfiguration;
			buildSettings = {
				ASSETCATALOG_COMPILER_APPICON_NAME = AppIcon;
				CODE_SIGN_STYLE = Automatic;
				DEVELOPMENT_TEAM = 3SGNZQGS68;
				INFOPLIST_FILE = whirligig/Info.plist;
				IPHONEOS_DEPLOYMENT_TARGET = 13.0;
				LD_RUNPATH_SEARCH_PATHS = (
					"$(inherited)",
					"@executable_path/Frameworks",
				);
				PRODUCT_BUNDLE_IDENTIFIER = com.fassko.whirligig;
				PRODUCT_NAME = Whirligig;
				SWIFT_VERSION = 5.0;
				TARGETED_DEVICE_FAMILY = 1;
			};
			name = Debug;
		};
		63EA577D2440D76B00F06F1B /* Release */ = {
			isa = XCBuildConfiguration;
			buildSettings = {
				ASSETCATALOG_COMPILER_APPICON_NAME = AppIcon;
				CODE_SIGN_STYLE = Automatic;
				DEVELOPMENT_TEAM = 3SGNZQGS68;
				INFOPLIST_FILE = whirligig/Info.plist;
				IPHONEOS_DEPLOYMENT_TARGET = 13.0;
				LD_RUNPATH_SEARCH_PATHS = (
					"$(inherited)",
					"@executable_path/Frameworks",
				);
				PRODUCT_BUNDLE_IDENTIFIER = com.fassko.whirligig;
				PRODUCT_NAME = Whirligig;
				SWIFT_VERSION = 5.0;
				TARGETED_DEVICE_FAMILY = 1;
			};
			name = Release;
		};
		63EA577F2440D76B00F06F1B /* Debug */ = {
			isa = XCBuildConfiguration;
			buildSettings = {
				ALWAYS_EMBED_SWIFT_STANDARD_LIBRARIES = YES;
				BUNDLE_LOADER = "$(TEST_HOST)";
				CODE_SIGN_STYLE = Automatic;
				DEVELOPMENT_TEAM = 3SGNZQGS68;
				INFOPLIST_FILE = whirligigTests/Info.plist;
				IPHONEOS_DEPLOYMENT_TARGET = 13.0;
				LD_RUNPATH_SEARCH_PATHS = (
					"$(inherited)",
					"@executable_path/Frameworks",
					"@loader_path/Frameworks",
				);
				PRODUCT_BUNDLE_IDENTIFIER = com.fassko.whirligigTests;
				PRODUCT_NAME = "$(TARGET_NAME)";
				SWIFT_VERSION = 5.0;
				TARGETED_DEVICE_FAMILY = "1,2";
				TEST_HOST = "$(BUILT_PRODUCTS_DIR)/Whirligig.app/Whirligig";
			};
			name = Debug;
		};
		63EA57802440D76B00F06F1B /* Release */ = {
			isa = XCBuildConfiguration;
			buildSettings = {
				ALWAYS_EMBED_SWIFT_STANDARD_LIBRARIES = YES;
				BUNDLE_LOADER = "$(TEST_HOST)";
				CODE_SIGN_STYLE = Automatic;
				DEVELOPMENT_TEAM = 3SGNZQGS68;
				INFOPLIST_FILE = whirligigTests/Info.plist;
				IPHONEOS_DEPLOYMENT_TARGET = 13.0;
				LD_RUNPATH_SEARCH_PATHS = (
					"$(inherited)",
					"@executable_path/Frameworks",
					"@loader_path/Frameworks",
				);
				PRODUCT_BUNDLE_IDENTIFIER = com.fassko.whirligigTests;
				PRODUCT_NAME = "$(TARGET_NAME)";
				SWIFT_VERSION = 5.0;
				TARGETED_DEVICE_FAMILY = "1,2";
				TEST_HOST = "$(BUILT_PRODUCTS_DIR)/Whirligig.app/Whirligig";
			};
			name = Release;
		};
/* End XCBuildConfiguration section */

/* Begin XCConfigurationList section */
		63EA57572440D76800F06F1B /* Build configuration list for PBXProject "Whirligig" */ = {
			isa = XCConfigurationList;
			buildConfigurations = (
				63EA57792440D76B00F06F1B /* Debug */,
				63EA577A2440D76B00F06F1B /* Release */,
			);
			defaultConfigurationIsVisible = 0;
			defaultConfigurationName = Release;
		};
		63EA577B2440D76B00F06F1B /* Build configuration list for PBXNativeTarget "Whirligig" */ = {
			isa = XCConfigurationList;
			buildConfigurations = (
				63EA577C2440D76B00F06F1B /* Debug */,
				63EA577D2440D76B00F06F1B /* Release */,
			);
			defaultConfigurationIsVisible = 0;
			defaultConfigurationName = Release;
		};
		63EA577E2440D76B00F06F1B /* Build configuration list for PBXNativeTarget "WhirligigTests" */ = {
			isa = XCConfigurationList;
			buildConfigurations = (
				63EA577F2440D76B00F06F1B /* Debug */,
				63EA57802440D76B00F06F1B /* Release */,
			);
			defaultConfigurationIsVisible = 0;
			defaultConfigurationName = Release;
		};
/* End XCConfigurationList section */

/* Begin XCRemoteSwiftPackageReference section */
		63872C562442452000086C94 /* XCRemoteSwiftPackageReference "RxSwift" */ = {
			isa = XCRemoteSwiftPackageReference;
			repositoryURL = "https://github.com/ReactiveX/RxSwift";
			requirement = {
				kind = upToNextMajorVersion;
				minimumVersion = 5.1.1;
			};
		};
		63872C6E24424F1E00086C94 /* XCRemoteSwiftPackageReference "rxanimated" */ = {
			isa = XCRemoteSwiftPackageReference;
			repositoryURL = "https://github.com/fassko/rxanimated";
			requirement = {
				branch = master;
				kind = branch;
			};
		};
		6391547E2440F1AF001F328A /* XCRemoteSwiftPackageReference "RxSwiftExt" */ = {
			isa = XCRemoteSwiftPackageReference;
			repositoryURL = "https://github.com/RxSwiftCommunity/RxSwiftExt";
			requirement = {
				kind = upToNextMajorVersion;
				minimumVersion = 5.2.0;
			};
		};
		639154812440F21E001F328A /* XCRemoteSwiftPackageReference "NSObject-Rx" */ = {
			isa = XCRemoteSwiftPackageReference;
			repositoryURL = "https://github.com/RxSwiftCommunity/NSObject-Rx";
			requirement = {
				kind = upToNextMajorVersion;
				minimumVersion = 5.0.3;
			};
		};
/* End XCRemoteSwiftPackageReference section */

/* Begin XCSwiftPackageProductDependency section */
		63872C572442452000086C94 /* RxCocoa */ = {
			isa = XCSwiftPackageProductDependency;
			package = 63872C562442452000086C94 /* XCRemoteSwiftPackageReference "RxSwift" */;
			productName = RxCocoa;
		};
		63872C592442452000086C94 /* RxSwift */ = {
			isa = XCSwiftPackageProductDependency;
			package = 63872C562442452000086C94 /* XCRemoteSwiftPackageReference "RxSwift" */;
			productName = RxSwift;
		};
		63872C6F24424F1E00086C94 /* RxAnimated */ = {
			isa = XCSwiftPackageProductDependency;
			package = 63872C6E24424F1E00086C94 /* XCRemoteSwiftPackageReference "rxanimated" */;
			productName = RxAnimated;
		};
		63872C7124424F8200086C94 /* RxTest */ = {
			isa = XCSwiftPackageProductDependency;
			package = 63872C562442452000086C94 /* XCRemoteSwiftPackageReference "RxSwift" */;
			productName = RxTest;
		};
		6391547F2440F1AF001F328A /* RxSwiftExt */ = {
			isa = XCSwiftPackageProductDependency;
			package = 6391547E2440F1AF001F328A /* XCRemoteSwiftPackageReference "RxSwiftExt" */;
			productName = RxSwiftExt;
		};
		639154822440F21E001F328A /* NSObject-Rx */ = {
			isa = XCSwiftPackageProductDependency;
			package = 639154812440F21E001F328A /* XCRemoteSwiftPackageReference "NSObject-Rx" */;
			productName = "NSObject-Rx";
		};
/* End XCSwiftPackageProductDependency section */
	};
	rootObject = 63EA57542440D76800F06F1B /* Project object */;
}
